
Microsoft Visual Studio Solution File, Format Version 12.00
# Visual Studio Version 17
VisualStudioVersion = 17.9.34723.18
MinimumVisualStudioVersion = 10.0.40219.1
Project("{FAE04EC0-301F-11D3-BF4B-00C04F79EFBC}") = "Calendaurus.API", "Calendaurus.API\Calendaurus.API.csproj", "{4BE2BD31-C08B-46D9-A165-3EFF0994F0A0}"
EndProject
Project("{FAE04EC0-301F-11D3-BF4B-00C04F79EFBC}") = "Calendaurus.Models", "Calendaurus.Models\Calendaurus.Models.csproj", "{5FFDA2E8-7DDF-4154-9B7D-3E6C2E7402E3}"
EndProject
Project("{FAE04EC0-301F-11D3-BF4B-00C04F79EFBC}") = "Calendaurus.Services", "Calendaurus.Services\Calendaurus.Services.csproj", "{ECC50F1D-466F-4FA3-B4A6-EC0EC2BF3E80}"
EndProject
Global
	GlobalSection(SolutionConfigurationPlatforms) = preSolution
		Debug|Any CPU = Debug|Any CPU
		Release|Any CPU = Release|Any CPU
	EndGlobalSection
	GlobalSection(ProjectConfigurationPlatforms) = postSolution
		{4BE2BD31-C08B-46D9-A165-3EFF0994F0A0}.Debug|Any CPU.ActiveCfg = Debug|Any CPU
		{4BE2BD31-C08B-46D9-A165-3EFF0994F0A0}.Debug|Any CPU.Build.0 = Debug|Any CPU
		{4BE2BD31-C08B-46D9-A165-3EFF0994F0A0}.Release|Any CPU.ActiveCfg = Release|Any CPU
		{4BE2BD31-C08B-46D9-A165-3EFF0994F0A0}.Release|Any CPU.Build.0 = Release|Any CPU
		{5FFDA2E8-7DDF-4154-9B7D-3E6C2E7402E3}.Debug|Any CPU.ActiveCfg = Debug|Any CPU
		{5FFDA2E8-7DDF-4154-9B7D-3E6C2E7402E3}.Debug|Any CPU.Build.0 = Debug|Any CPU
		{5FFDA2E8-7DDF-4154-9B7D-3E6C2E7402E3}.Release|Any CPU.ActiveCfg = Release|Any CPU
		{5FFDA2E8-7DDF-4154-9B7D-3E6C2E7402E3}.Release|Any CPU.Build.0 = Release|Any CPU
		{ECC50F1D-466F-4FA3-B4A6-EC0EC2BF3E80}.Debug|Any CPU.ActiveCfg = Debug|Any CPU
		{ECC50F1D-466F-4FA3-B4A6-EC0EC2BF3E80}.Debug|Any CPU.Build.0 = Debug|Any CPU
		{ECC50F1D-466F-4FA3-B4A6-EC0EC2BF3E80}.Release|Any CPU.ActiveCfg = Release|Any CPU
		{ECC50F1D-466F-4FA3-B4A6-EC0EC2BF3E80}.Release|Any CPU.Build.0 = Release|Any CPU
	EndGlobalSection
	GlobalSection(SolutionProperties) = preSolution
		HideSolutionNode = FALSE
	EndGlobalSection
	GlobalSection(ExtensibilityGlobals) = postSolution
		SolutionGuid = {3EEA3572-5DA9-477E-8F59-C58C05D798E9}
	EndGlobalSection
EndGlobal
